
Microsoft Visual Studio Solution File, Format Version 12.00
Project("{FAE04EC0-301F-11D3-BF4B-00C04F79EFBC}") = "Stratis.Guru", "Stratis.Guru.csproj", "{4D393841-F041-4D75-8033-873799B61EB2}"
EndProject
Global
	GlobalSection(SolutionConfigurationPlatforms) = preSolution
		Debug|Any CPU = Debug|Any CPU
		Release|Any CPU = Release|Any CPU
	EndGlobalSection
	GlobalSection(ProjectConfigurationPlatforms) = postSolution
		{4D393841-F041-4D75-8033-873799B61EB2}.Debug|Any CPU.ActiveCfg = Debug|Any CPU
		{4D393841-F041-4D75-8033-873799B61EB2}.Debug|Any CPU.Build.0 = Debug|Any CPU
		{4D393841-F041-4D75-8033-873799B61EB2}.Release|Any CPU.ActiveCfg = Release|Any CPU
		{4D393841-F041-4D75-8033-873799B61EB2}.Release|Any CPU.Build.0 = Release|Any CPU
	EndGlobalSection
EndGlobal
